// !$*UTF8*$!
{
	archiveVersion = 1;
	classes = {
	};
	objectVersion = 46;
	objects = {

/* Begin PBXBuildFile section */
		AD4A2A3619441AE800A8C9AD /* AppDelegate.swift in Sources */ = {isa = PBXBuildFile; fileRef = AD4A2A3519441AE800A8C9AD /* AppDelegate.swift */; };
		AD4A2A3819441AE800A8C9AD /* MasterViewController.swift in Sources */ = {isa = PBXBuildFile; fileRef = AD4A2A3719441AE800A8C9AD /* MasterViewController.swift */; };
		AD4A2A3A19441AE800A8C9AD /* DetailViewController.swift in Sources */ = {isa = PBXBuildFile; fileRef = AD4A2A3919441AE800A8C9AD /* DetailViewController.swift */; };
		AD4A2A3D19441AE800A8C9AD /* Main.storyboard in Resources */ = {isa = PBXBuildFile; fileRef = AD4A2A3B19441AE800A8C9AD /* Main.storyboard */; };
		AD4A2A3F19441AE800A8C9AD /* Images.xcassets in Resources */ = {isa = PBXBuildFile; fileRef = AD4A2A3E19441AE800A8C9AD /* Images.xcassets */; };
		AD4A2A4B19441AE800A8C9AD /* _x_VideoTests.swift in Sources */ = {isa = PBXBuildFile; fileRef = AD4A2A4A19441AE800A8C9AD /* _x_VideoTests.swift */; };
/* End PBXBuildFile section */

/* Begin PBXContainerItemProxy section */
		AD4A2A4519441AE800A8C9AD /* PBXContainerItemProxy */ = {
			isa = PBXContainerItemProxy;
			containerPortal = AD4A2A2819441AE800A8C9AD /* Project object */;
			proxyType = 1;
			remoteGlobalIDString = AD4A2A2F19441AE800A8C9AD;
			remoteInfo = "2x Video";
		};
/* End PBXContainerItemProxy section */

/* Begin PBXFileReference section */
		AD4A2A3019441AE800A8C9AD /* 2x Video.app */ = {isa = PBXFileReference; explicitFileType = wrapper.application; includeInIndex = 0; path = "2x Video.app"; sourceTree = BUILT_PRODUCTS_DIR; };
		AD4A2A3419441AE800A8C9AD /* Info.plist */ = {isa = PBXFileReference; lastKnownFileType = text.plist.xml; path = Info.plist; sourceTree = "<group>"; };
		AD4A2A3519441AE800A8C9AD /* AppDelegate.swift */ = {isa = PBXFileReference; lastKnownFileType = sourcecode.swift; path = AppDelegate.swift; sourceTree = "<group>"; };
		AD4A2A3719441AE800A8C9AD /* MasterViewController.swift */ = {isa = PBXFileReference; lastKnownFileType = sourcecode.swift; path = MasterViewController.swift; sourceTree = "<group>"; };
		AD4A2A3919441AE800A8C9AD /* DetailViewController.swift */ = {isa = PBXFileReference; lastKnownFileType = sourcecode.swift; path = DetailViewController.swift; sourceTree = "<group>"; };
		AD4A2A3C19441AE800A8C9AD /* Base */ = {isa = PBXFileReference; lastKnownFileType = file.storyboard; name = Base; path = Base.lproj/Main.storyboard; sourceTree = "<group>"; };
		AD4A2A3E19441AE800A8C9AD /* Images.xcassets */ = {isa = PBXFileReference; lastKnownFileType = folder.assetcatalog; path = Images.xcassets; sourceTree = "<group>"; };
		AD4A2A4419441AE800A8C9AD /* 2x VideoTests.xctest */ = {isa = PBXFileReference; explicitFileType = wrapper.cfbundle; includeInIndex = 0; path = "2x VideoTests.xctest"; sourceTree = BUILT_PRODUCTS_DIR; };
		AD4A2A4919441AE800A8C9AD /* Info.plist */ = {isa = PBXFileReference; lastKnownFileType = text.plist.xml; path = Info.plist; sourceTree = "<group>"; };
		AD4A2A4A19441AE800A8C9AD /* _x_VideoTests.swift */ = {isa = PBXFileReference; lastKnownFileType = sourcecode.swift; path = _x_VideoTests.swift; sourceTree = "<group>"; };
/* End PBXFileReference section */

/* Begin PBXFrameworksBuildPhase section */
		AD4A2A2D19441AE800A8C9AD /* Frameworks */ = {
			isa = PBXFrameworksBuildPhase;
			buildActionMask = 2147483647;
			files = (
			);
			runOnlyForDeploymentPostprocessing = 0;
		};
		AD4A2A4119441AE800A8C9AD /* Frameworks */ = {
			isa = PBXFrameworksBuildPhase;
			buildActionMask = 2147483647;
			files = (
			);
			runOnlyForDeploymentPostprocessing = 0;
		};
/* End PBXFrameworksBuildPhase section */

/* Begin PBXGroup section */
		AD4A2A2719441AE800A8C9AD = {
			isa = PBXGroup;
			children = (
				AD4A2A3219441AE800A8C9AD /* 2x Video */,
				AD4A2A4719441AE800A8C9AD /* 2x VideoTests */,
				AD4A2A3119441AE800A8C9AD /* Products */,
			);
			sourceTree = "<group>";
		};
		AD4A2A3119441AE800A8C9AD /* Products */ = {
			isa = PBXGroup;
			children = (
				AD4A2A3019441AE800A8C9AD /* 2x Video.app */,
				AD4A2A4419441AE800A8C9AD /* 2x VideoTests.xctest */,
			);
			name = Products;
			sourceTree = "<group>";
		};
		AD4A2A3219441AE800A8C9AD /* 2x Video */ = {
			isa = PBXGroup;
			children = (
				AD4A2A3519441AE800A8C9AD /* AppDelegate.swift */,
				AD4A2A3719441AE800A8C9AD /* MasterViewController.swift */,
				AD4A2A3919441AE800A8C9AD /* DetailViewController.swift */,
				AD4A2A3B19441AE800A8C9AD /* Main.storyboard */,
				AD4A2A3E19441AE800A8C9AD /* Images.xcassets */,
				AD4A2A3319441AE800A8C9AD /* Supporting Files */,
			);
			path = "2x Video";
			sourceTree = "<group>";
		};
		AD4A2A3319441AE800A8C9AD /* Supporting Files */ = {
			isa = PBXGroup;
			children = (
				AD4A2A3419441AE800A8C9AD /* Info.plist */,
			);
			name = "Supporting Files";
			sourceTree = "<group>";
		};
		AD4A2A4719441AE800A8C9AD /* 2x VideoTests */ = {
			isa = PBXGroup;
			children = (
				AD4A2A4A19441AE800A8C9AD /* _x_VideoTests.swift */,
				AD4A2A4819441AE800A8C9AD /* Supporting Files */,
			);
			path = "2x VideoTests";
			sourceTree = "<group>";
		};
		AD4A2A4819441AE800A8C9AD /* Supporting Files */ = {
			isa = PBXGroup;
			children = (
				AD4A2A4919441AE800A8C9AD /* Info.plist */,
			);
			name = "Supporting Files";
			sourceTree = "<group>";
		};
/* End PBXGroup section */

/* Begin PBXNativeTarget section */
		AD4A2A2F19441AE800A8C9AD /* 2x Video */ = {
			isa = PBXNativeTarget;
			buildConfigurationList = AD4A2A4E19441AE800A8C9AD /* Build configuration list for PBXNativeTarget "2x Video" */;
			buildPhases = (
				AD4A2A2C19441AE800A8C9AD /* Sources */,
				AD4A2A2D19441AE800A8C9AD /* Frameworks */,
				AD4A2A2E19441AE800A8C9AD /* Resources */,
			);
			buildRules = (
			);
			dependencies = (
			);
			name = "2x Video";
			productName = "2x Video";
			productReference = AD4A2A3019441AE800A8C9AD /* 2x Video.app */;
			productType = "com.apple.product-type.application";
		};
		AD4A2A4319441AE800A8C9AD /* 2x VideoTests */ = {
			isa = PBXNativeTarget;
			buildConfigurationList = AD4A2A5119441AE800A8C9AD /* Build configuration list for PBXNativeTarget "2x VideoTests" */;
			buildPhases = (
				AD4A2A4019441AE800A8C9AD /* Sources */,
				AD4A2A4119441AE800A8C9AD /* Frameworks */,
				AD4A2A4219441AE800A8C9AD /* Resources */,
			);
			buildRules = (
			);
			dependencies = (
				AD4A2A4619441AE800A8C9AD /* PBXTargetDependency */,
			);
			name = "2x VideoTests";
			productName = "2x VideoTests";
			productReference = AD4A2A4419441AE800A8C9AD /* 2x VideoTests.xctest */;
			productType = "com.apple.product-type.bundle.unit-test";
		};
/* End PBXNativeTarget section */

/* Begin PBXProject section */
		AD4A2A2819441AE800A8C9AD /* Project object */ = {
			isa = PBXProject;
			attributes = {
				LastUpgradeCheck = 0600;
				ORGANIZATIONNAME = Truman;
				TargetAttributes = {
					AD4A2A2F19441AE800A8C9AD = {
						CreatedOnToolsVersion = 6.0;
					};
					AD4A2A4319441AE800A8C9AD = {
						CreatedOnToolsVersion = 6.0;
						TestTargetID = AD4A2A2F19441AE800A8C9AD;
					};
				};
			};
			buildConfigurationList = AD4A2A2B19441AE800A8C9AD /* Build configuration list for PBXProject "2x Video" */;
			compatibilityVersion = "Xcode 3.2";
			developmentRegion = English;
			hasScannedForEncodings = 0;
			knownRegions = (
				en,
				Base,
			);
			mainGroup = AD4A2A2719441AE800A8C9AD;
			productRefGroup = AD4A2A3119441AE800A8C9AD /* Products */;
			projectDirPath = "";
			projectRoot = "";
			targets = (
				AD4A2A2F19441AE800A8C9AD /* 2x Video */,
				AD4A2A4319441AE800A8C9AD /* 2x VideoTests */,
			);
		};
/* End PBXProject section */

/* Begin PBXResourcesBuildPhase section */
		AD4A2A2E19441AE800A8C9AD /* Resources */ = {
			isa = PBXResourcesBuildPhase;
			buildActionMask = 2147483647;
			files = (
				AD4A2A3D19441AE800A8C9AD /* Main.storyboard in Resources */,
				AD4A2A3F19441AE800A8C9AD /* Images.xcassets in Resources */,
			);
			runOnlyForDeploymentPostprocessing = 0;
		};
		AD4A2A4219441AE800A8C9AD /* Resources */ = {
			isa = PBXResourcesBuildPhase;
			buildActionMask = 2147483647;
			files = (
			);
			runOnlyForDeploymentPostprocessing = 0;
		};
/* End PBXResourcesBuildPhase section */

/* Begin PBXSourcesBuildPhase section */
		AD4A2A2C19441AE800A8C9AD /* Sources */ = {
			isa = PBXSourcesBuildPhase;
			buildActionMask = 2147483647;
			files = (
				AD4A2A3A19441AE800A8C9AD /* DetailViewController.swift in Sources */,
				AD4A2A3819441AE800A8C9AD /* MasterViewController.swift in Sources */,
				AD4A2A3619441AE800A8C9AD /* AppDelegate.swift in Sources */,
			);
			runOnlyForDeploymentPostprocessing = 0;
		};
		AD4A2A4019441AE800A8C9AD /* Sources */ = {
			isa = PBXSourcesBuildPhase;
			buildActionMask = 2147483647;
			files = (
				AD4A2A4B19441AE800A8C9AD /* _x_VideoTests.swift in Sources */,
			);
			runOnlyForDeploymentPostprocessing = 0;
		};
/* End PBXSourcesBuildPhase section */

/* Begin PBXTargetDependency section */
		AD4A2A4619441AE800A8C9AD /* PBXTargetDependency */ = {
			isa = PBXTargetDependency;
			target = AD4A2A2F19441AE800A8C9AD /* 2x Video */;
			targetProxy = AD4A2A4519441AE800A8C9AD /* PBXContainerItemProxy */;
		};
/* End PBXTargetDependency section */

/* Begin PBXVariantGroup section */
		AD4A2A3B19441AE800A8C9AD /* Main.storyboard */ = {
			isa = PBXVariantGroup;
			children = (
				AD4A2A3C19441AE800A8C9AD /* Base */,
			);
			name = Main.storyboard;
			sourceTree = "<group>";
		};
/* End PBXVariantGroup section */

/* Begin XCBuildConfiguration section */
		AD4A2A4C19441AE800A8C9AD /* Debug */ = {
			isa = XCBuildConfiguration;
			buildSettings = {
				ALWAYS_SEARCH_USER_PATHS = NO;
				CLANG_CXX_LANGUAGE_STANDARD = "gnu++0x";
				CLANG_CXX_LIBRARY = "libc++";
				CLANG_ENABLE_MODULES = YES;
				CLANG_ENABLE_OBJC_ARC = YES;
				CLANG_WARN_BOOL_CONVERSION = YES;
				CLANG_WARN_CONSTANT_CONVERSION = YES;
				CLANG_WARN_DIRECT_OBJC_ISA_USAGE = YES_ERROR;
				CLANG_WARN_EMPTY_BODY = YES;
				CLANG_WARN_ENUM_CONVERSION = YES;
				CLANG_WARN_INT_CONVERSION = YES;
				CLANG_WARN_OBJC_ROOT_CLASS = YES_ERROR;
				CLANG_WARN_UNREACHABLE_CODE = YES;
				CLANG_WARN__DUPLICATE_METHOD_MATCH = YES;
				"CODE_SIGN_IDENTITY[sdk=iphoneos*]" = "iPhone Developer";
				COPY_PHASE_STRIP = NO;
				ENABLE_STRICT_OBJC_MSGSEND = YES;
				GCC_C_LANGUAGE_STANDARD = gnu99;
				GCC_DYNAMIC_NO_PIC = NO;
				GCC_OPTIMIZATION_LEVEL = 0;
				GCC_PREPROCESSOR_DEFINITIONS = (
					"DEBUG=1",
					"$(inherited)",
				);
				GCC_SYMBOLS_PRIVATE_EXTERN = NO;
				GCC_WARN_64_TO_32_BIT_CONVERSION = YES;
				GCC_WARN_ABOUT_RETURN_TYPE = YES_ERROR;
				GCC_WARN_UNDECLARED_SELECTOR = YES;
				GCC_WARN_UNINITIALIZED_AUTOS = YES_AGGRESSIVE;
				GCC_WARN_UNUSED_FUNCTION = YES;
				GCC_WARN_UNUSED_VARIABLE = YES;
				IPHONEOS_DEPLOYMENT_TARGET = 8.0;
				METAL_ENABLE_DEBUG_INFO = YES;
				ONLY_ACTIVE_ARCH = YES;
				SDKROOT = iphoneos;
				SWIFT_OPTIMIZATION_LEVEL = "-Onone";
				TARGETED_DEVICE_FAMILY = "1,2";
			};
			name = Debug;
		};
		AD4A2A4D19441AE800A8C9AD /* Release */ = {
			isa = XCBuildConfiguration;
			buildSettings = {
				ALWAYS_SEARCH_USER_PATHS = NO;
				CLANG_CXX_LANGUAGE_STANDARD = "gnu++0x";
				CLANG_CXX_LIBRARY = "libc++";
				CLANG_ENABLE_MODULES = YES;
				CLANG_ENABLE_OBJC_ARC = YES;
				CLANG_WARN_BOOL_CONVERSION = YES;
				CLANG_WARN_CONSTANT_CONVERSION = YES;
				CLANG_WARN_DIRECT_OBJC_ISA_USAGE = YES_ERROR;
				CLANG_WARN_EMPTY_BODY = YES;
				CLANG_WARN_ENUM_CONVERSION = YES;
				CLANG_WARN_INT_CONVERSION = YES;
				CLANG_WARN_OBJC_ROOT_CLASS = YES_ERROR;
				CLANG_WARN_UNREACHABLE_CODE = YES;
				CLANG_WARN__DUPLICATE_METHOD_MATCH = YES;
				"CODE_SIGN_IDENTITY[sdk=iphoneos*]" = "iPhone Developer";
				COPY_PHASE_STRIP = YES;
				ENABLE_NS_ASSERTIONS = NO;
				ENABLE_STRICT_OBJC_MSGSEND = YES;
				GCC_C_LANGUAGE_STANDARD = gnu99;
				GCC_WARN_64_TO_32_BIT_CONVERSION = YES;
				GCC_WARN_ABOUT_RETURN_TYPE = YES_ERROR;
				GCC_WARN_UNDECLARED_SELECTOR = YES;
				GCC_WARN_UNINITIALIZED_AUTOS = YES_AGGRESSIVE;
				GCC_WARN_UNUSED_FUNCTION = YES;
				GCC_WARN_UNUSED_VARIABLE = YES;
				IPHONEOS_DEPLOYMENT_TARGET = 8.0;
				METAL_ENABLE_DEBUG_INFO = NO;
				SDKROOT = iphoneos;
				TARGETED_DEVICE_FAMILY = "1,2";
				VALIDATE_PRODUCT = YES;
			};
			name = Release;
		};
		AD4A2A4F19441AE800A8C9AD /* Debug */ = {
			isa = XCBuildConfiguration;
			buildSettings = {
				ASSETCATALOG_COMPILER_APPICON_NAME = AppIcon;
				ASSETCATALOG_COMPILER_LAUNCHIMAGE_NAME = LaunchImage;
				INFOPLIST_FILE = "2x Video/Info.plist";
				LD_RUNPATH_SEARCH_PATHS = "$(inherited) @executable_path/Frameworks";
				PRODUCT_NAME = "$(TARGET_NAME)";
			};
			name = Debug;
		};
		AD4A2A5019441AE800A8C9AD /* Release */ = {
			isa = XCBuildConfiguration;
			buildSettings = {
				ASSETCATALOG_COMPILER_APPICON_NAME = AppIcon;
				ASSETCATALOG_COMPILER_LAUNCHIMAGE_NAME = LaunchImage;
				INFOPLIST_FILE = "2x Video/Info.plist";
				LD_RUNPATH_SEARCH_PATHS = "$(inherited) @executable_path/Frameworks";
				PRODUCT_NAME = "$(TARGET_NAME)";
			};
			name = Release;
		};
		AD4A2A5219441AE800A8C9AD /* Debug */ = {
			isa = XCBuildConfiguration;
			buildSettings = {
				BUNDLE_LOADER = "$(BUILT_PRODUCTS_DIR)/2x Video.app/2x Video";
				FRAMEWORK_SEARCH_PATHS = (
					"$(SDKROOT)/Developer/Library/Frameworks",
					"$(inherited)",
				);
				GCC_PREPROCESSOR_DEFINITIONS = (
					"DEBUG=1",
					"$(inherited)",
				);
				INFOPLIST_FILE = "2x VideoTests/Info.plist";
				LD_RUNPATH_SEARCH_PATHS = "$(inherited) @executable_path/Frameworks @loader_path/Frameworks";
				METAL_ENABLE_DEBUG_INFO = YES;
				PRODUCT_NAME = "$(TARGET_NAME)";
				TEST_HOST = "$(BUNDLE_LOADER)";
			};
			name = Debug;
		};
		AD4A2A5319441AE800A8C9AD /* Release */ = {
			isa = XCBuildConfiguration;
			buildSettings = {
				BUNDLE_LOADER = "$(BUILT_PRODUCTS_DIR)/2x Video.app/2x Video";
				FRAMEWORK_SEARCH_PATHS = (
					"$(SDKROOT)/Developer/Library/Frameworks",
					"$(inherited)",
				);
				INFOPLIST_FILE = "2x VideoTests/Info.plist";
				LD_RUNPATH_SEARCH_PATHS = "$(inherited) @executable_path/Frameworks @loader_path/Frameworks";
				METAL_ENABLE_DEBUG_INFO = NO;
				PRODUCT_NAME = "$(TARGET_NAME)";
				TEST_HOST = "$(BUNDLE_LOADER)";
			};
			name = Release;
		};
/* End XCBuildConfiguration section */

/* Begin XCConfigurationList section */
		AD4A2A2B19441AE800A8C9AD /* Build configuration list for PBXProject "2x Video" */ = {
			isa = XCConfigurationList;
			buildConfigurations = (
				AD4A2A4C19441AE800A8C9AD /* Debug */,
				AD4A2A4D19441AE800A8C9AD /* Release */,
			);
			defaultConfigurationIsVisible = 0;
			defaultConfigurationName = Release;
		};
		AD4A2A4E19441AE800A8C9AD /* Build configuration list for PBXNativeTarget "2x Video" */ = {
			isa = XCConfigurationList;
			buildConfigurations = (
				AD4A2A4F19441AE800A8C9AD /* Debug */,
				AD4A2A5019441AE800A8C9AD /* Release */,
			);
			defaultConfigurationIsVisible = 0;
		};
		AD4A2A5119441AE800A8C9AD /* Build configuration list for PBXNativeTarget "2x VideoTests" */ = {
			isa = XCConfigurationList;
			buildConfigurations = (
				AD4A2A5219441AE800A8C9AD /* Debug */,
				AD4A2A5319441AE800A8C9AD /* Release */,
			);
			defaultConfigurationIsVisible = 0;
		};
/* End XCConfigurationList section */
	};
	rootObject = AD4A2A2819441AE800A8C9AD /* Project object */;
}
